
Microsoft Visual Studio Solution File, Format Version 12.00
# Visual Studio Version 17
VisualStudioVersion = 17.10.35027.167
MinimumVisualStudioVersion = 10.0.40219.1
Project("{FAE04EC0-301F-11D3-BF4B-00C04F79EFBC}") = "RubTechFocusAPI", "RubTechFocusAPI\RubTechFocusAPI.csproj", "{483C4D89-0CB7-403B-AABD-EDE32B37D491}"
EndProject
Project("{FAE04EC0-301F-11D3-BF4B-00C04F79EFBC}") = "RubTechFocus.DTO", "RubTechFocus.DTO\RubTechFocus.DTO.csproj", "{B7423BAD-2C70-4CDF-A0E1-17C09A7DF572}"
EndProject
Project("{FAE04EC0-301F-11D3-BF4B-00C04F79EFBC}") = "RubTechFocus.DAL", "RubTechFocus.DAL\RubTechFocus.DAL.csproj", "{DF308E02-8C9C-4016-ACFE-7E3F831D98D9}"
EndProject
Project("{FAE04EC0-301F-11D3-BF4B-00C04F79EFBC}") = "RubTechFocus.BAL", "RubTechFocus.BAL\RubTechFocus.BAL.csproj", "{7DAFAAF2-331D-4C31-B4FB-8C61144F0E18}"
EndProject
Global
	GlobalSection(SolutionConfigurationPlatforms) = preSolution
		Debug|Any CPU = Debug|Any CPU
		Release|Any CPU = Release|Any CPU
	EndGlobalSection
	GlobalSection(ProjectConfigurationPlatforms) = postSolution
		{483C4D89-0CB7-403B-AABD-EDE32B37D491}.Debug|Any CPU.ActiveCfg = Debug|Any CPU
		{483C4D89-0CB7-403B-AABD-EDE32B37D491}.Debug|Any CPU.Build.0 = Debug|Any CPU
		{483C4D89-0CB7-403B-AABD-EDE32B37D491}.Release|Any CPU.ActiveCfg = Release|Any CPU
		{483C4D89-0CB7-403B-AABD-EDE32B37D491}.Release|Any CPU.Build.0 = Release|Any CPU
		{B7423BAD-2C70-4CDF-A0E1-17C09A7DF572}.Debug|Any CPU.ActiveCfg = Debug|Any CPU
		{B7423BAD-2C70-4CDF-A0E1-17C09A7DF572}.Debug|Any CPU.Build.0 = Debug|Any CPU
		{B7423BAD-2C70-4CDF-A0E1-17C09A7DF572}.Release|Any CPU.ActiveCfg = Release|Any CPU
		{B7423BAD-2C70-4CDF-A0E1-17C09A7DF572}.Release|Any CPU.Build.0 = Release|Any CPU
		{DF308E02-8C9C-4016-ACFE-7E3F831D98D9}.Debug|Any CPU.ActiveCfg = Debug|Any CPU
		{DF308E02-8C9C-4016-ACFE-7E3F831D98D9}.Debug|Any CPU.Build.0 = Debug|Any CPU
		{DF308E02-8C9C-4016-ACFE-7E3F831D98D9}.Release|Any CPU.ActiveCfg = Release|Any CPU
		{DF308E02-8C9C-4016-ACFE-7E3F831D98D9}.Release|Any CPU.Build.0 = Release|Any CPU
		{7DAFAAF2-331D-4C31-B4FB-8C61144F0E18}.Debug|Any CPU.ActiveCfg = Debug|Any CPU
		{7DAFAAF2-331D-4C31-B4FB-8C61144F0E18}.Debug|Any CPU.Build.0 = Debug|Any CPU
		{7DAFAAF2-331D-4C31-B4FB-8C61144F0E18}.Release|Any CPU.ActiveCfg = Release|Any CPU
		{7DAFAAF2-331D-4C31-B4FB-8C61144F0E18}.Release|Any CPU.Build.0 = Release|Any CPU
	EndGlobalSection
	GlobalSection(SolutionProperties) = preSolution
		HideSolutionNode = FALSE
	EndGlobalSection
	GlobalSection(ExtensibilityGlobals) = postSolution
		EnterpriseLibraryConfigurationToolBinariesPathV6 = packages\EnterpriseLibrary.Common.6.0.1304.0\lib\NET45;packages\EnterpriseLibrary.Data.6.0.1304.0\lib\NET45
		SolutionGuid = {231F74BC-C476-4025-939D-A3434D6003A2}
	EndGlobalSection
EndGlobal
